{
  "name": "keeperhub-agents-onchain",
  "lockfileVersion": 3,
  "requires": true,
  "packages": {
    "": {
      "dependencies": {
        "@ethglobal-openagent/openclaw-keeperhub": "^1.8.3"
      }
    },
    "node_modules/@ethglobal-openagent/openclaw-keeperhub": {
      "version": "1.8.3",
      "resolved": "https://registry.npmjs.org/@ethglobal-openagent/openclaw-keeperhub/-/openclaw-keeperhub-1.8.3.tgz",
      "integrity": "sha512-kd00PQBFafO5F5OXzdxAm0CDaUvwlhu2tqvaeLwK08AdcbwxjwS5nkiLCv3lNcbEGlH36ZPeu+B7LhgPxORfbg==",
      "license": "MIT"
    }
  }
}
